// !$*UTF8*$!
{
	archiveVersion = 1;
	classes = {
	};
	objectVersion = 77;
	objects = {

/* Begin PBXContainerItemProxy section */
		26AEB9052E25B9B3008AA2E3 /* PBXContainerItemProxy */ = {
			isa = PBXContainerItemProxy;
			containerPortal = 26AEB8E72E25B9B2008AA2E3 /* Project object */;
			proxyType = 1;
			remoteGlobalIDString = 26AEB8EE2E25B9B2008AA2E3;
			remoteInfo = btlflp;
		};
		26AEB90F2E25B9B3008AA2E3 /* PBXContainerItemProxy */ = {
			isa = PBXContainerItemProxy;
			containerPortal = 26AEB8E72E25B9B2008AA2E3 /* Project object */;
			proxyType = 1;
			remoteGlobalIDString = 26AEB8EE2E25B9B2008AA2E3;
			remoteInfo = btlflp;
		};
/* End PBXContainerItemProxy section */

/* Begin PBXFileReference section */
		26AEB8EF2E25B9B2008AA2E3 /* btlflp.app */ = {isa = PBXFileReference; explicitFileType = wrapper.application; includeInIndex = 0; path = btlflp.app; sourceTree = BUILT_PRODUCTS_DIR; };
		26AEB9042E25B9B3008AA2E3 /* btlflpTests.xctest */ = {isa = PBXFileReference; explicitFileType = wrapper.cfbundle; includeInIndex = 0; path = btlflpTests.xctest; sourceTree = BUILT_PRODUCTS_DIR; };
		26AEB90E2E25B9B3008AA2E3 /* btlflpUITests.xctest */ = {isa = PBXFileReference; explicitFileType = wrapper.cfbundle; includeInIndex = 0; path = btlflpUITests.xctest; sourceTree = BUILT_PRODUCTS_DIR; };
/* End PBXFileReference section */

/* Begin PBXFileSystemSynchronizedRootGroup section */
		26AEB8F12E25B9B2008AA2E3 /* btlflp */ = {
			isa = PBXFileSystemSynchronizedRootGroup;
			path = btlflp;
			sourceTree = "<group>";
		};
		26AEB9072E25B9B3008AA2E3 /* btlflpTests */ = {
			isa = PBXFileSystemSynchronizedRootGroup;
			path = btlflpTests;
			sourceTree = "<group>";
		};
		26AEB9112E25B9B3008AA2E3 /* btlflpUITests */ = {
			isa = PBXFileSystemSynchronizedRootGroup;
			path = btlflpUITests;
			sourceTree = "<group>";
		};
/* End PBXFileSystemSynchronizedRootGroup section */

/* Begin PBXFrameworksBuildPhase section */
		26AEB8EC2E25B9B2008AA2E3 /* Frameworks */ = {
			isa = PBXFrameworksBuildPhase;
			buildActionMask = 2147483647;
			files = (
			);
			runOnlyForDeploymentPostprocessing = 0;
		};
		26AEB9012E25B9B3008AA2E3 /* Frameworks */ = {
			isa = PBXFrameworksBuildPhase;
			buildActionMask = 2147483647;
			files = (
			);
			runOnlyForDeploymentPostprocessing = 0;
		};
		26AEB90B2E25B9B3008AA2E3 /* Frameworks */ = {
			isa = PBXFrameworksBuildPhase;
			buildActionMask = 2147483647;
			files = (
			);
			runOnlyForDeploymentPostprocessing = 0;
		};
/* End PBXFrameworksBuildPhase section */

/* Begin PBXGroup section */
		26AEB8E62E25B9B2008AA2E3 = {
			isa = PBXGroup;
			children = (
				26AEB8F12E25B9B2008AA2E3 /* btlflp */,
				26AEB9072E25B9B3008AA2E3 /* btlflpTests */,
				26AEB9112E25B9B3008AA2E3 /* btlflpUITests */,
				26AEB8F02E25B9B2008AA2E3 /* Products */,
			);
			sourceTree = "<group>";
		};
		26AEB8F02E25B9B2008AA2E3 /* Products */ = {
			isa = PBXGroup;
			children = (
				26AEB8EF2E25B9B2008AA2E3 /* btlflp.app */,
				26AEB9042E25B9B3008AA2E3 /* btlflpTests.xctest */,
				26AEB90E2E25B9B3008AA2E3 /* btlflpUITests.xctest */,
			);
			name = Products;
			sourceTree = "<group>";
		};
/* End PBXGroup section */

/* Begin PBXNativeTarget section */
		26AEB8EE2E25B9B2008AA2E3 /* btlflp */ = {
			isa = PBXNativeTarget;
			buildConfigurationList = 26AEB9182E25B9B3008AA2E3 /* Build configuration list for PBXNativeTarget "btlflp" */;
			buildPhases = (
				26AEB8EB2E25B9B2008AA2E3 /* Sources */,
				26AEB8EC2E25B9B2008AA2E3 /* Frameworks */,
				26AEB8ED2E25B9B2008AA2E3 /* Resources */,
			);
			buildRules = (
			);
			dependencies = (
			);
			fileSystemSynchronizedGroups = (
				26AEB8F12E25B9B2008AA2E3 /* btlflp */,
			);
			name = btlflp;
			packageProductDependencies = (
			);
			productName = btlflp;
			productReference = 26AEB8EF2E25B9B2008AA2E3 /* btlflp.app */;
			productType = "com.apple.product-type.application";
		};
		26AEB9032E25B9B3008AA2E3 /* btlflpTests */ = {
			isa = PBXNativeTarget;
			buildConfigurationList = 26AEB91B2E25B9B3008AA2E3 /* Build configuration list for PBXNativeTarget "btlflpTests" */;
			buildPhases = (
				26AEB9002E25B9B3008AA2E3 /* Sources */,
				26AEB9012E25B9B3008AA2E3 /* Frameworks */,
				26AEB9022E25B9B3008AA2E3 /* Resources */,
			);
			buildRules = (
			);
			dependencies = (
				26AEB9062E25B9B3008AA2E3 /* PBXTargetDependency */,
			);
			fileSystemSynchronizedGroups = (
				26AEB9072E25B9B3008AA2E3 /* btlflpTests */,
			);
			name = btlflpTests;
			packageProductDependencies = (
			);
			productName = btlflpTests;
			productReference = 26AEB9042E25B9B3008AA2E3 /* btlflpTests.xctest */;
			productType = "com.apple.product-type.bundle.unit-test";
		};
		26AEB90D2E25B9B3008AA2E3 /* btlflpUITests */ = {
			isa = PBXNativeTarget;
			buildConfigurationList = 26AEB91E2E25B9B3008AA2E3 /* Build configuration list for PBXNativeTarget "btlflpUITests" */;
			buildPhases = (
				26AEB90A2E25B9B3008AA2E3 /* Sources */,
				26AEB90B2E25B9B3008AA2E3 /* Frameworks */,
				26AEB90C2E25B9B3008AA2E3 /* Resources */,
			);
			buildRules = (
			);
			dependencies = (
				26AEB9102E25B9B3008AA2E3 /* PBXTargetDependency */,
			);
			fileSystemSynchronizedGroups = (
				26AEB9112E25B9B3008AA2E3 /* btlflpUITests */,
			);
			name = btlflpUITests;
			packageProductDependencies = (
			);
			productName = btlflpUITests;
			productReference = 26AEB90E2E25B9B3008AA2E3 /* btlflpUITests.xctest */;
			productType = "com.apple.product-type.bundle.ui-testing";
		};
/* End PBXNativeTarget section */

/* Begin PBXProject section */
		26AEB8E72E25B9B2008AA2E3 /* Project object */ = {
			isa = PBXProject;
			attributes = {
				BuildIndependentTargetsInParallel = 1;
				LastSwiftUpdateCheck = 1630;
				LastUpgradeCheck = 1630;
				TargetAttributes = {
					26AEB8EE2E25B9B2008AA2E3 = {
						CreatedOnToolsVersion = 16.3;
					};
					26AEB9032E25B9B3008AA2E3 = {
						CreatedOnToolsVersion = 16.3;
						TestTargetID = 26AEB8EE2E25B9B2008AA2E3;
					};
					26AEB90D2E25B9B3008AA2E3 = {
						CreatedOnToolsVersion = 16.3;
						TestTargetID = 26AEB8EE2E25B9B2008AA2E3;
					};
				};
			};
			buildConfigurationList = 26AEB8EA2E25B9B2008AA2E3 /* Build configuration list for PBXProject "btlflp" */;
			developmentRegion = en;
			hasScannedForEncodings = 0;
			knownRegions = (
				en,
				Base,
			);
			mainGroup = 26AEB8E62E25B9B2008AA2E3;
			minimizedProjectReferenceProxies = 1;
			preferredProjectObjectVersion = 77;
			productRefGroup = 26AEB8F02E25B9B2008AA2E3 /* Products */;
			projectDirPath = "";
			projectRoot = "";
			targets = (
				26AEB8EE2E25B9B2008AA2E3 /* btlflp */,
				26AEB9032E25B9B3008AA2E3 /* btlflpTests */,
				26AEB90D2E25B9B3008AA2E3 /* btlflpUITests */,
			);
		};
/* End PBXProject section */

/* Begin PBXResourcesBuildPhase section */
		26AEB8ED2E25B9B2008AA2E3 /* Resources */ = {
			isa = PBXResourcesBuildPhase;
			buildActionMask = 2147483647;
			files = (
			);
			runOnlyForDeploymentPostprocessing = 0;
		};
		26AEB9022E25B9B3008AA2E3 /* Resources */ = {
			isa = PBXResourcesBuildPhase;
			buildActionMask = 2147483647;
			files = (
			);
			runOnlyForDeploymentPostprocessing = 0;
		};
		26AEB90C2E25B9B3008AA2E3 /* Resources */ = {
			isa = PBXResourcesBuildPhase;
			buildActionMask = 2147483647;
			files = (
			);
			runOnlyForDeploymentPostprocessing = 0;
		};
/* End PBXResourcesBuildPhase section */

/* Begin PBXSourcesBuildPhase section */
		26AEB8EB2E25B9B2008AA2E3 /* Sources */ = {
			isa = PBXSourcesBuildPhase;
			buildActionMask = 2147483647;
			files = (
			);
			runOnlyForDeploymentPostprocessing = 0;
		};
		26AEB9002E25B9B3008AA2E3 /* Sources */ = {
			isa = PBXSourcesBuildPhase;
			buildActionMask = 2147483647;
			files = (
			);
			runOnlyForDeploymentPostprocessing = 0;
		};
		26AEB90A2E25B9B3008AA2E3 /* Sources */ = {
			isa = PBXSourcesBuildPhase;
			buildActionMask = 2147483647;
			files = (
			);
			runOnlyForDeploymentPostprocessing = 0;
		};
/* End PBXSourcesBuildPhase section */

/* Begin PBXTargetDependency section */
		26AEB9062E25B9B3008AA2E3 /* PBXTargetDependency */ = {
			isa = PBXTargetDependency;
			target = 26AEB8EE2E25B9B2008AA2E3 /* btlflp */;
			targetProxy = 26AEB9052E25B9B3008AA2E3 /* PBXContainerItemProxy */;
		};
		26AEB9102E25B9B3008AA2E3 /* PBXTargetDependency */ = {
			isa = PBXTargetDependency;
			target = 26AEB8EE2E25B9B2008AA2E3 /* btlflp */;
			targetProxy = 26AEB90F2E25B9B3008AA2E3 /* PBXContainerItemProxy */;
		};
/* End PBXTargetDependency section */

/* Begin XCBuildConfiguration section */
		26AEB9162E25B9B3008AA2E3 /* Debug */ = {
			isa = XCBuildConfiguration;
			buildSettings = {
				ALWAYS_SEARCH_USER_PATHS = NO;
				ASSETCATALOG_COMPILER_GENERATE_SWIFT_ASSET_SYMBOL_EXTENSIONS = YES;
				CLANG_ANALYZER_NONNULL = YES;
				CLANG_ANALYZER_NUMBER_OBJECT_CONVERSION = YES_AGGRESSIVE;
				CLANG_CXX_LANGUAGE_STANDARD = "gnu++20";
				CLANG_ENABLE_MODULES = YES;
				CLANG_ENABLE_OBJC_ARC = YES;
				CLANG_ENABLE_OBJC_WEAK = YES;
				CLANG_WARN_BLOCK_CAPTURE_AUTORELEASING = YES;
				CLANG_WARN_BOOL_CONVERSION = YES;
				CLANG_WARN_COMMA = YES;
				CLANG_WARN_CONSTANT_CONVERSION = YES;
				CLANG_WARN_DEPRECATED_OBJC_IMPLEMENTATIONS = YES;
				CLANG_WARN_DIRECT_OBJC_ISA_USAGE = YES_ERROR;
				CLANG_WARN_DOCUMENTATION_COMMENTS = YES;
				CLANG_WARN_EMPTY_BODY = YES;
				CLANG_WARN_ENUM_CONVERSION = YES;
				CLANG_WARN_INFINITE_RECURSION = YES;
				CLANG_WARN_INT_CONVERSION = YES;
				CLANG_WARN_NON_LITERAL_NULL_CONVERSION = YES;
				CLANG_WARN_OBJC_IMPLICIT_RETAIN_SELF = YES;
				CLANG_WARN_OBJC_LITERAL_CONVERSION = YES;
				CLANG_WARN_OBJC_ROOT_CLASS = YES_ERROR;
				CLANG_WARN_QUOTED_INCLUDE_IN_FRAMEWORK_HEADER = YES;
				CLANG_WARN_RANGE_LOOP_ANALYSIS = YES;
				CLANG_WARN_STRICT_PROTOTYPES = YES;
				CLANG_WARN_SUSPICIOUS_MOVE = YES;
				CLANG_WARN_UNGUARDED_AVAILABILITY = YES_AGGRESSIVE;
				CLANG_WARN_UNREACHABLE_CODE = YES;
				CLANG_WARN__DUPLICATE_METHOD_MATCH = YES;
				COPY_PHASE_STRIP = NO;
				DEBUG_INFORMATION_FORMAT = dwarf;
				DEVELOPMENT_TEAM = X9M3T3H9Q2;
				ENABLE_STRICT_OBJC_MSGSEND = YES;
				ENABLE_TESTABILITY = YES;
				ENABLE_USER_SCRIPT_SANDBOXING = YES;
				GCC_C_LANGUAGE_STANDARD = gnu17;
				GCC_DYNAMIC_NO_PIC = NO;
				GCC_NO_COMMON_BLOCKS = YES;
				GCC_OPTIMIZATION_LEVEL = 0;
				GCC_PREPROCESSOR_DEFINITIONS = (
					"DEBUG=1",
					"$(inherited)",
				);
				GCC_WARN_64_TO_32_BIT_CONVERSION = YES;
				GCC_WARN_ABOUT_RETURN_TYPE = YES_ERROR;
				GCC_WARN_UNDECLARED_SELECTOR = YES;
				GCC_WARN_UNINITIALIZED_AUTOS = YES_AGGRESSIVE;
				GCC_WARN_UNUSED_FUNCTION = YES;
				GCC_WARN_UNUSED_VARIABLE = YES;
				IPHONEOS_DEPLOYMENT_TARGET = 18.4;
				LOCALIZATION_PREFERS_STRING_CATALOGS = YES;
				MTL_ENABLE_DEBUG_INFO = INCLUDE_SOURCE;
				MTL_FAST_MATH = YES;
				ONLY_ACTIVE_ARCH = YES;
				SDKROOT = iphoneos;
				SWIFT_ACTIVE_COMPILATION_CONDITIONS = "DEBUG $(inherited)";
				SWIFT_OPTIMIZATION_LEVEL = "-Onone";
			};
			name = Debug;
		};
		26AEB9172E25B9B3008AA2E3 /* Release */ = {
			isa = XCBuildConfiguration;
			buildSettings = {
				ALWAYS_SEARCH_USER_PATHS = NO;
				ASSETCATALOG_COMPILER_GENERATE_SWIFT_ASSET_SYMBOL_EXTENSIONS = YES;
				CLANG_ANALYZER_NONNULL = YES;
				CLANG_ANALYZER_NUMBER_OBJECT_CONVERSION = YES_AGGRESSIVE;
				CLANG_CXX_LANGUAGE_STANDARD = "gnu++20";
				CLANG_ENABLE_MODULES = YES;
				CLANG_ENABLE_OBJC_ARC = YES;
				CLANG_ENABLE_OBJC_WEAK = YES;
				CLANG_WARN_BLOCK_CAPTURE_AUTORELEASING = YES;
				CLANG_WARN_BOOL_CONVERSION = YES;
				CLANG_WARN_COMMA = YES;
				CLANG_WARN_CONSTANT_CONVERSION = YES;
				CLANG_WARN_DEPRECATED_OBJC_IMPLEMENTATIONS = YES;
				CLANG_WARN_DIRECT_OBJC_ISA_USAGE = YES_ERROR;
				CLANG_WARN_DOCUMENTATION_COMMENTS = YES;
				CLANG_WARN_EMPTY_BODY = YES;
				CLANG_WARN_ENUM_CONVERSION = YES;
				CLANG_WARN_INFINITE_RECURSION = YES;
				CLANG_WARN_INT_CONVERSION = YES;
				CLANG_WARN_NON_LITERAL_NULL_CONVERSION = YES;
				CLANG_WARN_OBJC_IMPLICIT_RETAIN_SELF = YES;
				CLANG_WARN_OBJC_LITERAL_CONVERSION = YES;
				CLANG_WARN_OBJC_ROOT_CLASS = YES_ERROR;
				CLANG_WARN_QUOTED_INCLUDE_IN_FRAMEWORK_HEADER = YES;
				CLANG_WARN_RANGE_LOOP_ANALYSIS = YES;
				CLANG_WARN_STRICT_PROTOTYPES = YES;
				CLANG_WARN_SUSPICIOUS_MOVE = YES;
				CLANG_WARN_UNGUARDED_AVAILABILITY = YES_AGGRESSIVE;
				CLANG_WARN_UNREACHABLE_CODE = YES;
				CLANG_WARN__DUPLICATE_METHOD_MATCH = YES;
				COPY_PHASE_STRIP = NO;
				DEBUG_INFORMATION_FORMAT = "dwarf-with-dsym";
				DEVELOPMENT_TEAM = X9M3T3H9Q2;
				ENABLE_NS_ASSERTIONS = NO;
				ENABLE_STRICT_OBJC_MSGSEND = YES;
				ENABLE_USER_SCRIPT_SANDBOXING = YES;
				GCC_C_LANGUAGE_STANDARD = gnu17;
				GCC_NO_COMMON_BLOCKS = YES;
				GCC_WARN_64_TO_32_BIT_CONVERSION = YES;
				GCC_WARN_ABOUT_RETURN_TYPE = YES_ERROR;
				GCC_WARN_UNDECLARED_SELECTOR = YES;
				GCC_WARN_UNINITIALIZED_AUTOS = YES_AGGRESSIVE;
				GCC_WARN_UNUSED_FUNCTION = YES;
				GCC_WARN_UNUSED_VARIABLE = YES;
				IPHONEOS_DEPLOYMENT_TARGET = 18.4;
				LOCALIZATION_PREFERS_STRING_CATALOGS = YES;
				MTL_ENABLE_DEBUG_INFO = NO;
				MTL_FAST_MATH = YES;
				SDKROOT = iphoneos;
				SWIFT_COMPILATION_MODE = wholemodule;
				VALIDATE_PRODUCT = YES;
			};
			name = Release;
		};
		26AEB9192E25B9B3008AA2E3 /* Debug */ = {
			isa = XCBuildConfiguration;
			buildSettings = {
				ASSETCATALOG_COMPILER_APPICON_NAME = AppIcon;
				ASSETCATALOG_COMPILER_GLOBAL_ACCENT_COLOR_NAME = AccentColor;
				CODE_SIGN_STYLE = Automatic;
				CURRENT_PROJECT_VERSION = 1;
				DEVELOPMENT_TEAM = X9M3T3H9Q2;
				GENERATE_INFOPLIST_FILE = YES;
				INFOPLIST_KEY_UIApplicationSupportsIndirectInputEvents = YES;
				INFOPLIST_KEY_UILaunchStoryboardName = LaunchScreen;
				INFOPLIST_KEY_UIStatusBarHidden = YES;
				INFOPLIST_KEY_UISupportedInterfaceOrientations_iPad = "UIInterfaceOrientationPortrait UIInterfaceOrientationPortraitUpsideDown UIInterfaceOrientationLandscapeLeft UIInterfaceOrientationLandscapeRight";
				INFOPLIST_KEY_UISupportedInterfaceOrientations_iPhone = "UIInterfaceOrientationPortrait UIInterfaceOrientationLandscapeLeft UIInterfaceOrientationLandscapeRight";
				LD_RUNPATH_SEARCH_PATHS = (
					"$(inherited)",
					"@executable_path/Frameworks",
				);
				MARKETING_VERSION = 1.0;
				PRODUCT_BUNDLE_IDENTIFIER = mindip.btlflp;
				PRODUCT_NAME = "$(TARGET_NAME)";
				SWIFT_EMIT_LOC_STRINGS = YES;
				SWIFT_VERSION = 5.0;
				TARGETED_DEVICE_FAMILY = "1,2";
			};
			name = Debug;
		};
		26AEB91A2E25B9B3008AA2E3 /* Release */ = {
			isa = XCBuildConfiguration;
			buildSettings = {
				ASSETCATALOG_COMPILER_APPICON_NAME = AppIcon;
				ASSETCATALOG_COMPILER_GLOBAL_ACCENT_COLOR_NAME = AccentColor;
				CODE_SIGN_STYLE = Automatic;
				CURRENT_PROJECT_VERSION = 1;
				DEVELOPMENT_TEAM = X9M3T3H9Q2;
				GENERATE_INFOPLIST_FILE = YES;
				INFOPLIST_KEY_UIApplicationSupportsIndirectInputEvents = YES;
				INFOPLIST_KEY_UILaunchStoryboardName = LaunchScreen;
				INFOPLIST_KEY_UIStatusBarHidden = YES;
				INFOPLIST_KEY_UISupportedInterfaceOrientations_iPad = "UIInterfaceOrientationPortrait UIInterfaceOrientationPortraitUpsideDown UIInterfaceOrientationLandscapeLeft UIInterfaceOrientationLandscapeRight";
				INFOPLIST_KEY_UISupportedInterfaceOrientations_iPhone = "UIInterfaceOrientationPortrait UIInterfaceOrientationLandscapeLeft UIInterfaceOrientationLandscapeRight";
				LD_RUNPATH_SEARCH_PATHS = (
					"$(inherited)",
					"@executable_path/Frameworks",
				);
				MARKETING_VERSION = 1.0;
				PRODUCT_BUNDLE_IDENTIFIER = mindip.btlflp;
				PRODUCT_NAME = "$(TARGET_NAME)";
				SWIFT_EMIT_LOC_STRINGS = YES;
				SWIFT_VERSION = 5.0;
				TARGETED_DEVICE_FAMILY = "1,2";
			};
			name = Release;
		};
		26AEB91C2E25B9B3008AA2E3 /* Debug */ = {
			isa = XCBuildConfiguration;
			buildSettings = {
				BUNDLE_LOADER = "$(TEST_HOST)";
				CODE_SIGN_STYLE = Automatic;
				CURRENT_PROJECT_VERSION = 1;
				DEVELOPMENT_TEAM = X9M3T3H9Q2;
				GENERATE_INFOPLIST_FILE = YES;
				IPHONEOS_DEPLOYMENT_TARGET = 18.4;
				MARKETING_VERSION = 1.0;
				PRODUCT_BUNDLE_IDENTIFIER = mindip.btlflpTests;
				PRODUCT_NAME = "$(TARGET_NAME)";
				SWIFT_EMIT_LOC_STRINGS = NO;
				SWIFT_VERSION = 5.0;
				TARGETED_DEVICE_FAMILY = "1,2";
				TEST_HOST = "$(BUILT_PRODUCTS_DIR)/btlflp.app/$(BUNDLE_EXECUTABLE_FOLDER_PATH)/btlflp";
			};
			name = Debug;
		};
		26AEB91D2E25B9B3008AA2E3 /* Release */ = {
			isa = XCBuildConfiguration;
			buildSettings = {
				BUNDLE_LOADER = "$(TEST_HOST)";
				CODE_SIGN_STYLE = Automatic;
				CURRENT_PROJECT_VERSION = 1;
				DEVELOPMENT_TEAM = X9M3T3H9Q2;
				GENERATE_INFOPLIST_FILE = YES;
				IPHONEOS_DEPLOYMENT_TARGET = 18.4;
				MARKETING_VERSION = 1.0;
				PRODUCT_BUNDLE_IDENTIFIER = mindip.btlflpTests;
				PRODUCT_NAME = "$(TARGET_NAME)";
				SWIFT_EMIT_LOC_STRINGS = NO;
				SWIFT_VERSION = 5.0;
				TARGETED_DEVICE_FAMILY = "1,2";
				TEST_HOST = "$(BUILT_PRODUCTS_DIR)/btlflp.app/$(BUNDLE_EXECUTABLE_FOLDER_PATH)/btlflp";
			};
			name = Release;
		};
		26AEB91F2E25B9B3008AA2E3 /* Debug */ = {
			isa = XCBuildConfiguration;
			buildSettings = {
				CODE_SIGN_STYLE = Automatic;
				CURRENT_PROJECT_VERSION = 1;
				DEVELOPMENT_TEAM = X9M3T3H9Q2;
				GENERATE_INFOPLIST_FILE = YES;
				MARKETING_VERSION = 1.0;
				PRODUCT_BUNDLE_IDENTIFIER = mindip.btlflpUITests;
				PRODUCT_NAME = "$(TARGET_NAME)";
				SWIFT_EMIT_LOC_STRINGS = NO;
				SWIFT_VERSION = 5.0;
				TARGETED_DEVICE_FAMILY = "1,2";
				TEST_TARGET_NAME = btlflp;
			};
			name = Debug;
		};
		26AEB9202E25B9B3008AA2E3 /* Release */ = {
			isa = XCBuildConfiguration;
			buildSettings = {
				CODE_SIGN_STYLE = Automatic;
				CURRENT_PROJECT_VERSION = 1;
				DEVELOPMENT_TEAM = X9M3T3H9Q2;
				GENERATE_INFOPLIST_FILE = YES;
				MARKETING_VERSION = 1.0;
				PRODUCT_BUNDLE_IDENTIFIER = mindip.btlflpUITests;
				PRODUCT_NAME = "$(TARGET_NAME)";
				SWIFT_EMIT_LOC_STRINGS = NO;
				SWIFT_VERSION = 5.0;
				TARGETED_DEVICE_FAMILY = "1,2";
				TEST_TARGET_NAME = btlflp;
			};
			name = Release;
		};
/* End XCBuildConfiguration section */

/* Begin XCConfigurationList section */
		26AEB8EA2E25B9B2008AA2E3 /* Build configuration list for PBXProject "btlflp" */ = {
			isa = XCConfigurationList;
			buildConfigurations = (
				26AEB9162E25B9B3008AA2E3 /* Debug */,
				26AEB9172E25B9B3008AA2E3 /* Release */,
			);
			defaultConfigurationIsVisible = 0;
			defaultConfigurationName = Release;
		};
		26AEB9182E25B9B3008AA2E3 /* Build configuration list for PBXNativeTarget "btlflp" */ = {
			isa = XCConfigurationList;
			buildConfigurations = (
				26AEB9192E25B9B3008AA2E3 /* Debug */,
				26AEB91A2E25B9B3008AA2E3 /* Release */,
			);
			defaultConfigurationIsVisible = 0;
			defaultConfigurationName = Release;
		};
		26AEB91B2E25B9B3008AA2E3 /* Build configuration list for PBXNativeTarget "btlflpTests" */ = {
			isa = XCConfigurationList;
			buildConfigurations = (
				26AEB91C2E25B9B3008AA2E3 /* Debug */,
				26AEB91D2E25B9B3008AA2E3 /* Release */,
			);
			defaultConfigurationIsVisible = 0;
			defaultConfigurationName = Release;
		};
		26AEB91E2E25B9B3008AA2E3 /* Build configuration list for PBXNativeTarget "btlflpUITests" */ = {
			isa = XCConfigurationList;
			buildConfigurations = (
				26AEB91F2E25B9B3008AA2E3 /* Debug */,
				26AEB9202E25B9B3008AA2E3 /* Release */,
			);
			defaultConfigurationIsVisible = 0;
			defaultConfigurationName = Release;
		};
/* End XCConfigurationList section */
	};
	rootObject = 26AEB8E72E25B9B2008AA2E3 /* Project object */;
}
